// !$*UTF8*$!
{
	archiveVersion = 1;
	classes = {
	};
	objectVersion = 46;
	objects = {

/* Begin PBXBuildFile section */
		D9D949471AE4BD82007C1F2A /* main.m in Sources */ = {isa = PBXBuildFile; fileRef = D9D949461AE4BD82007C1F2A /* main.m */; };
		D9D9494A1AE4BD82007C1F2A /* AppDelegate.m in Sources */ = {isa = PBXBuildFile; fileRef = D9D949491AE4BD82007C1F2A /* AppDelegate.m */; };
		D9D9494D1AE4BD82007C1F2A /* ViewController.m in Sources */ = {isa = PBXBuildFile; fileRef = D9D9494C1AE4BD82007C1F2A /* ViewController.m */; };
		D9D949501AE4BD82007C1F2A /* Main.storyboard in Resources */ = {isa = PBXBuildFile; fileRef = D9D9494E1AE4BD82007C1F2A /* Main.storyboard */; };
		D9D949521AE4BD82007C1F2A /* Images.xcassets in Resources */ = {isa = PBXBuildFile; fileRef = D9D949511AE4BD82007C1F2A /* Images.xcassets */; };
		D9D949551AE4BD82007C1F2A /* LaunchScreen.xib in Resources */ = {isa = PBXBuildFile; fileRef = D9D949531AE4BD82007C1F2A /* LaunchScreen.xib */; };
		D9D949611AE4BD82007C1F2A /* sampleTests.m in Sources */ = {isa = PBXBuildFile; fileRef = D9D949601AE4BD82007C1F2A /* sampleTests.m */; };
/* End PBXBuildFile section */

/* Begin PBXContainerItemProxy section */
		D9D9495B1AE4BD82007C1F2A /* PBXContainerItemProxy */ = {
			isa = PBXContainerItemProxy;
			containerPortal = D9D949391AE4BD82007C1F2A /* Project object */;
			proxyType = 1;
			remoteGlobalIDString = D9D949401AE4BD82007C1F2A;
			remoteInfo = sample;
		};
/* End PBXContainerItemProxy section */

/* Begin PBXFileReference section */
		D9D949411AE4BD82007C1F2A /* sample.app */ = {isa = PBXFileReference; explicitFileType = wrapper.application; includeInIndex = 0; path = sample.app; sourceTree = BUILT_PRODUCTS_DIR; };
		D9D949451AE4BD82007C1F2A /* Info.plist */ = {isa = PBXFileReference; lastKnownFileType = text.plist.xml; path = Info.plist; sourceTree = "<group>"; };
		D9D949461AE4BD82007C1F2A /* main.m */ = {isa = PBXFileReference; lastKnownFileType = sourcecode.c.objc; path = main.m; sourceTree = "<group>"; };
		D9D949481AE4BD82007C1F2A /* AppDelegate.h */ = {isa = PBXFileReference; lastKnownFileType = sourcecode.c.h; path = AppDelegate.h; sourceTree = "<group>"; };
		D9D949491AE4BD82007C1F2A /* AppDelegate.m */ = {isa = PBXFileReference; lastKnownFileType = sourcecode.c.objc; path = AppDelegate.m; sourceTree = "<group>"; };
		D9D9494B1AE4BD82007C1F2A /* ViewController.h */ = {isa = PBXFileReference; lastKnownFileType = sourcecode.c.h; path = ViewController.h; sourceTree = "<group>"; };
		D9D9494C1AE4BD82007C1F2A /* ViewController.m */ = {isa = PBXFileReference; lastKnownFileType = sourcecode.c.objc; path = ViewController.m; sourceTree = "<group>"; };
		D9D9494F1AE4BD82007C1F2A /* Base */ = {isa = PBXFileReference; lastKnownFileType = file.storyboard; name = Base; path = Base.lproj/Main.storyboard; sourceTree = "<group>"; };
		D9D949511AE4BD82007C1F2A /* Images.xcassets */ = {isa = PBXFileReference; lastKnownFileType = folder.assetcatalog; path = Images.xcassets; sourceTree = "<group>"; };
		D9D949541AE4BD82007C1F2A /* Base */ = {isa = PBXFileReference; lastKnownFileType = file.xib; name = Base; path = Base.lproj/LaunchScreen.xib; sourceTree = "<group>"; };
		D9D9495A1AE4BD82007C1F2A /* sampleTests.xctest */ = {isa = PBXFileReference; explicitFileType = wrapper.cfbundle; includeInIndex = 0; path = sampleTests.xctest; sourceTree = BUILT_PRODUCTS_DIR; };
		D9D9495F1AE4BD82007C1F2A /* Info.plist */ = {isa = PBXFileReference; lastKnownFileType = text.plist.xml; path = Info.plist; sourceTree = "<group>"; };
		D9D949601AE4BD82007C1F2A /* sampleTests.m */ = {isa = PBXFileReference; lastKnownFileType = sourcecode.c.objc; path = sampleTests.m; sourceTree = "<group>"; };
/* End PBXFileReference section */

/* Begin PBXFrameworksBuildPhase section */
		D9D9493E1AE4BD82007C1F2A /* Frameworks */ = {
			isa = PBXFrameworksBuildPhase;
			buildActionMask = 2147483647;
			files = (
			);
			runOnlyForDeploymentPostprocessing = 0;
		};
		D9D949571AE4BD82007C1F2A /* Frameworks */ = {
			isa = PBXFrameworksBuildPhase;
			buildActionMask = 2147483647;
			files = (
			);
			runOnlyForDeploymentPostprocessing = 0;
		};
/* End PBXFrameworksBuildPhase section */

/* Begin PBXGroup section */
		D9D949381AE4BD82007C1F2A = {
			isa = PBXGroup;
			children = (
				D9D949431AE4BD82007C1F2A /* sample */,
				D9D9495D1AE4BD82007C1F2A /* sampleTests */,
				D9D949421AE4BD82007C1F2A /* Products */,
			);
			sourceTree = "<group>";
		};
		D9D949421AE4BD82007C1F2A /* Products */ = {
			isa = PBXGroup;
			children = (
				D9D949411AE4BD82007C1F2A /* sample.app */,
				D9D9495A1AE4BD82007C1F2A /* sampleTests.xctest */,
			);
			name = Products;
			sourceTree = "<group>";
		};
		D9D949431AE4BD82007C1F2A /* sample */ = {
			isa = PBXGroup;
			children = (
				D9D949481AE4BD82007C1F2A /* AppDelegate.h */,
				D9D949491AE4BD82007C1F2A /* AppDelegate.m */,
				D9D9494B1AE4BD82007C1F2A /* ViewController.h */,
				D9D9494C1AE4BD82007C1F2A /* ViewController.m */,
				D9D9494E1AE4BD82007C1F2A /* Main.storyboard */,
				D9D949511AE4BD82007C1F2A /* Images.xcassets */,
				D9D949531AE4BD82007C1F2A /* LaunchScreen.xib */,
				D9D949441AE4BD82007C1F2A /* Supporting Files */,
			);
			path = sample;
			sourceTree = "<group>";
		};
		D9D949441AE4BD82007C1F2A /* Supporting Files */ = {
			isa = PBXGroup;
			children = (
				D9D949451AE4BD82007C1F2A /* Info.plist */,
				D9D949461AE4BD82007C1F2A /* main.m */,
			);
			name = "Supporting Files";
			sourceTree = "<group>";
		};
		D9D9495D1AE4BD82007C1F2A /* sampleTests */ = {
			isa = PBXGroup;
			children = (
				D9D949601AE4BD82007C1F2A /* sampleTests.m */,
				D9D9495E1AE4BD82007C1F2A /* Supporting Files */,
			);
			path = sampleTests;
			sourceTree = "<group>";
		};
		D9D9495E1AE4BD82007C1F2A /* Supporting Files */ = {
			isa = PBXGroup;
			children = (
				D9D9495F1AE4BD82007C1F2A /* Info.plist */,
			);
			name = "Supporting Files";
			sourceTree = "<group>";
		};
/* End PBXGroup section */

/* Begin PBXNativeTarget section */
		D9D949401AE4BD82007C1F2A /* sample */ = {
			isa = PBXNativeTarget;
			buildConfigurationList = D9D949641AE4BD82007C1F2A /* Build configuration list for PBXNativeTarget "sample" */;
			buildPhases = (
				D9D9493D1AE4BD82007C1F2A /* Sources */,
				D9D9493E1AE4BD82007C1F2A /* Frameworks */,
				D9D9493F1AE4BD82007C1F2A /* Resources */,
			);
			buildRules = (
			);
			dependencies = (
			);
			name = sample;
			productName = sample;
			productReference = D9D949411AE4BD82007C1F2A /* sample.app */;
			productType = "com.apple.product-type.application";
		};
		D9D949591AE4BD82007C1F2A /* sampleTests */ = {
			isa = PBXNativeTarget;
			buildConfigurationList = D9D949671AE4BD82007C1F2A /* Build configuration list for PBXNativeTarget "sampleTests" */;
			buildPhases = (
				D9D949561AE4BD82007C1F2A /* Sources */,
				D9D949571AE4BD82007C1F2A /* Frameworks */,
				D9D949581AE4BD82007C1F2A /* Resources */,
			);
			buildRules = (
			);
			dependencies = (
				D9D9495C1AE4BD82007C1F2A /* PBXTargetDependency */,
			);
			name = sampleTests;
			productName = sampleTests;
			productReference = D9D9495A1AE4BD82007C1F2A /* sampleTests.xctest */;
			productType = "com.apple.product-type.bundle.unit-test";
		};
/* End PBXNativeTarget section */

/* Begin PBXProject section */
		D9D949391AE4BD82007C1F2A /* Project object */ = {
			isa = PBXProject;
			attributes = {
				LastUpgradeCheck = 0620;
				ORGANIZATIONNAME = "Ankit Tayde";
				TargetAttributes = {
					D9D949401AE4BD82007C1F2A = {
						CreatedOnToolsVersion = 6.2;
					};
					D9D949591AE4BD82007C1F2A = {
						CreatedOnToolsVersion = 6.2;
						TestTargetID = D9D949401AE4BD82007C1F2A;
					};
				};
			};
			buildConfigurationList = D9D9493C1AE4BD82007C1F2A /* Build configuration list for PBXProject "sample" */;
			compatibilityVersion = "Xcode 3.2";
			developmentRegion = English;
			hasScannedForEncodings = 0;
			knownRegions = (
				en,
				Base,
			);
			mainGroup = D9D949381AE4BD82007C1F2A;
			productRefGroup = D9D949421AE4BD82007C1F2A /* Products */;
			projectDirPath = "";
			projectRoot = "";
			targets = (
				D9D949401AE4BD82007C1F2A /* sample */,
				D9D949591AE4BD82007C1F2A /* sampleTests */,
			);
		};
/* End PBXProject section */

/* Begin PBXResourcesBuildPhase section */
		D9D9493F1AE4BD82007C1F2A /* Resources */ = {
			isa = PBXResourcesBuildPhase;
			buildActionMask = 2147483647;
			files = (
				D9D949501AE4BD82007C1F2A /* Main.storyboard in Resources */,
				D9D949551AE4BD82007C1F2A /* LaunchScreen.xib in Resources */,
				D9D949521AE4BD82007C1F2A /* Images.xcassets in Resources */,
			);
			runOnlyForDeploymentPostprocessing = 0;
		};
		D9D949581AE4BD82007C1F2A /* Resources */ = {
			isa = PBXResourcesBuildPhase;
			buildActionMask = 2147483647;
			files = (
			);
			runOnlyForDeploymentPostprocessing = 0;
		};
/* End PBXResourcesBuildPhase section */

/* Begin PBXSourcesBuildPhase section */
		D9D9493D1AE4BD82007C1F2A /* Sources */ = {
			isa = PBXSourcesBuildPhase;
			buildActionMask = 2147483647;
			files = (
				D9D9494D1AE4BD82007C1F2A /* ViewController.m in Sources */,
				D9D9494A1AE4BD82007C1F2A /* AppDelegate.m in Sources */,
				D9D949471AE4BD82007C1F2A /* main.m in Sources */,
			);
			runOnlyForDeploymentPostprocessing = 0;
		};
		D9D949561AE4BD82007C1F2A /* Sources */ = {
			isa = PBXSourcesBuildPhase;
			buildActionMask = 2147483647;
			files = (
				D9D949611AE4BD82007C1F2A /* sampleTests.m in Sources */,
			);
			runOnlyForDeploymentPostprocessing = 0;
		};
/* End PBXSourcesBuildPhase section */

/* Begin PBXTargetDependency section */
		D9D9495C1AE4BD82007C1F2A /* PBXTargetDependency */ = {
			isa = PBXTargetDependency;
			target = D9D949401AE4BD82007C1F2A /* sample */;
			targetProxy = D9D9495B1AE4BD82007C1F2A /* PBXContainerItemProxy */;
		};
/* End PBXTargetDependency section */

/* Begin PBXVariantGroup section */
		D9D9494E1AE4BD82007C1F2A /* Main.storyboard */ = {
			isa = PBXVariantGroup;
			children = (
				D9D9494F1AE4BD82007C1F2A /* Base */,
			);
			name = Main.storyboard;
			sourceTree = "<group>";
		};
		D9D949531AE4BD82007C1F2A /* LaunchScreen.xib */ = {
			isa = PBXVariantGroup;
			children = (
				D9D949541AE4BD82007C1F2A /* Base */,
			);
			name = LaunchScreen.xib;
			sourceTree = "<group>";
		};
/* End PBXVariantGroup section */

/* Begin XCBuildConfiguration section */
		D9D949621AE4BD82007C1F2A /* Debug */ = {
			isa = XCBuildConfiguration;
			buildSettings = {
				ALWAYS_SEARCH_USER_PATHS = NO;
				CLANG_CXX_LANGUAGE_STANDARD = "gnu++0x";
				CLANG_CXX_LIBRARY = "libc++";
				CLANG_ENABLE_MODULES = YES;
				CLANG_ENABLE_OBJC_ARC = YES;
				CLANG_WARN_BOOL_CONVERSION = YES;
				CLANG_WARN_CONSTANT_CONVERSION = YES;
				CLANG_WARN_DIRECT_OBJC_ISA_USAGE = YES_ERROR;
				CLANG_WARN_EMPTY_BODY = YES;
				CLANG_WARN_ENUM_CONVERSION = YES;
				CLANG_WARN_INT_CONVERSION = YES;
				CLANG_WARN_OBJC_ROOT_CLASS = YES_ERROR;
				CLANG_WARN_UNREACHABLE_CODE = YES;
				CLANG_WARN__DUPLICATE_METHOD_MATCH = YES;
				"CODE_SIGN_IDENTITY[sdk=iphoneos*]" = "iPhone Developer";
				COPY_PHASE_STRIP = NO;
				ENABLE_STRICT_OBJC_MSGSEND = YES;
				GCC_C_LANGUAGE_STANDARD = gnu99;
				GCC_DYNAMIC_NO_PIC = NO;
				GCC_OPTIMIZATION_LEVEL = 0;
				GCC_PREPROCESSOR_DEFINITIONS = (
					"DEBUG=1",
					"$(inherited)",
				);
				GCC_SYMBOLS_PRIVATE_EXTERN = NO;
				GCC_WARN_64_TO_32_BIT_CONVERSION = YES;
				GCC_WARN_ABOUT_RETURN_TYPE = YES_ERROR;
				GCC_WARN_UNDECLARED_SELECTOR = YES;
				GCC_WARN_UNINITIALIZED_AUTOS = YES_AGGRESSIVE;
				GCC_WARN_UNUSED_FUNCTION = YES;
				GCC_WARN_UNUSED_VARIABLE = YES;
				IPHONEOS_DEPLOYMENT_TARGET = 8.2;
				MTL_ENABLE_DEBUG_INFO = YES;
				ONLY_ACTIVE_ARCH = YES;
				SDKROOT = iphoneos;
				TARGETED_DEVICE_FAMILY = "1,2";
			};
			name = Debug;
		};
		D9D949631AE4BD82007C1F2A /* Release */ = {
			isa = XCBuildConfiguration;
			buildSettings = {
				ALWAYS_SEARCH_USER_PATHS = NO;
				CLANG_CXX_LANGUAGE_STANDARD = "gnu++0x";
				CLANG_CXX_LIBRARY = "libc++";
				CLANG_ENABLE_MODULES = YES;
				CLANG_ENABLE_OBJC_ARC = YES;
				CLANG_WARN_BOOL_CONVERSION = YES;
				CLANG_WARN_CONSTANT_CONVERSION = YES;
				CLANG_WARN_DIRECT_OBJC_ISA_USAGE = YES_ERROR;
				CLANG_WARN_EMPTY_BODY = YES;
				CLANG_WARN_ENUM_CONVERSION = YES;
				CLANG_WARN_INT_CONVERSION = YES;
				CLANG_WARN_OBJC_ROOT_CLASS = YES_ERROR;
				CLANG_WARN_UNREACHABLE_CODE = YES;
				CLANG_WARN__DUPLICATE_METHOD_MATCH = YES;
				"CODE_SIGN_IDENTITY[sdk=iphoneos*]" = "iPhone Developer";
				COPY_PHASE_STRIP = NO;
				ENABLE_NS_ASSERTIONS = NO;
				ENABLE_STRICT_OBJC_MSGSEND = YES;
				GCC_C_LANGUAGE_STANDARD = gnu99;
				GCC_WARN_64_TO_32_BIT_CONVERSION = YES;
				GCC_WARN_ABOUT_RETURN_TYPE = YES_ERROR;
				GCC_WARN_UNDECLARED_SELECTOR = YES;
				GCC_WARN_UNINITIALIZED_AUTOS = YES_AGGRESSIVE;
				GCC_WARN_UNUSED_FUNCTION = YES;
				GCC_WARN_UNUSED_VARIABLE = YES;
				IPHONEOS_DEPLOYMENT_TARGET = 8.2;
				MTL_ENABLE_DEBUG_INFO = NO;
				SDKROOT = iphoneos;
				TARGETED_DEVICE_FAMILY = "1,2";
				VALIDATE_PRODUCT = YES;
			};
			name = Release;
		};
		D9D949651AE4BD82007C1F2A /* Debug */ = {
			isa = XCBuildConfiguration;
			buildSettings = {
				ASSETCATALOG_COMPILER_APPICON_NAME = AppIcon;
				INFOPLIST_FILE = sample/Info.plist;
				LD_RUNPATH_SEARCH_PATHS = "$(inherited) @executable_path/Frameworks";
				PRODUCT_NAME = "$(TARGET_NAME)";
			};
			name = Debug;
		};
		D9D949661AE4BD82007C1F2A /* Release */ = {
			isa = XCBuildConfiguration;
			buildSettings = {
				ASSETCATALOG_COMPILER_APPICON_NAME = AppIcon;
				INFOPLIST_FILE = sample/Info.plist;
				LD_RUNPATH_SEARCH_PATHS = "$(inherited) @executable_path/Frameworks";
				PRODUCT_NAME = "$(TARGET_NAME)";
			};
			name = Release;
		};
		D9D949681AE4BD82007C1F2A /* Debug */ = {
			isa = XCBuildConfiguration;
			buildSettings = {
				BUNDLE_LOADER = "$(TEST_HOST)";
				FRAMEWORK_SEARCH_PATHS = (
					"$(SDKROOT)/Developer/Library/Frameworks",
					"$(inherited)",
				);
				GCC_PREPROCESSOR_DEFINITIONS = (
					"DEBUG=1",
					"$(inherited)",
				);
				INFOPLIST_FILE = sampleTests/Info.plist;
				LD_RUNPATH_SEARCH_PATHS = "$(inherited) @executable_path/Frameworks @loader_path/Frameworks";
				PRODUCT_NAME = "$(TARGET_NAME)";
				TEST_HOST = "$(BUILT_PRODUCTS_DIR)/sample.app/sample";
			};
			name = Debug;
		};
		D9D949691AE4BD82007C1F2A /* Release */ = {
			isa = XCBuildConfiguration;
			buildSettings = {
				BUNDLE_LOADER = "$(TEST_HOST)";
				FRAMEWORK_SEARCH_PATHS = (
					"$(SDKROOT)/Developer/Library/Frameworks",
					"$(inherited)",
				);
				INFOPLIST_FILE = sampleTests/Info.plist;
				LD_RUNPATH_SEARCH_PATHS = "$(inherited) @executable_path/Frameworks @loader_path/Frameworks";
				PRODUCT_NAME = "$(TARGET_NAME)";
				TEST_HOST = "$(BUILT_PRODUCTS_DIR)/sample.app/sample";
			};
			name = Release;
		};
/* End XCBuildConfiguration section */

/* Begin XCConfigurationList section */
		D9D9493C1AE4BD82007C1F2A /* Build configuration list for PBXProject "sample" */ = {
			isa = XCConfigurationList;
			buildConfigurations = (
				D9D949621AE4BD82007C1F2A /* Debug */,
				D9D949631AE4BD82007C1F2A /* Release */,
			);
			defaultConfigurationIsVisible = 0;
			defaultConfigurationName = Release;
		};
		D9D949641AE4BD82007C1F2A /* Build configuration list for PBXNativeTarget "sample" */ = {
			isa = XCConfigurationList;
			buildConfigurations = (
				D9D949651AE4BD82007C1F2A /* Debug */,
				D9D949661AE4BD82007C1F2A /* Release */,
			);
			defaultConfigurationIsVisible = 0;
		};
		D9D949671AE4BD82007C1F2A /* Build configuration list for PBXNativeTarget "sampleTests" */ = {
			isa = XCConfigurationList;
			buildConfigurations = (
				D9D949681AE4BD82007C1F2A /* Debug */,
				D9D949691AE4BD82007C1F2A /* Release */,
			);
			defaultConfigurationIsVisible = 0;
		};
/* End XCConfigurationList section */
	};
	rootObject = D9D949391AE4BD82007C1F2A /* Project object */;
}
